
Microsoft Visual Studio Solution File, Format Version 12.00
# Visual Studio Version 17
VisualStudioVersion = 17.9.34728.123
MinimumVisualStudioVersion = 10.0.40219.1
Project("{9A19103F-16F7-4668-BE54-9A1E7A4F7556}") = "BTCode4", "BTCode4\BTCode4.csproj", "{99DF5E44-DF39-4AE0-B7D9-E0BFC1E85CB2}"
EndProject
Project("{FAE04EC0-301F-11D3-BF4B-00C04F79EFBC}") = "TestProject5", "TestProject5\TestProject5.csproj", "{DB7D1C44-E14F-4AD8-919F-032EBE4D8143}"
EndProject
Global
	GlobalSection(SolutionConfigurationPlatforms) = preSolution
		Debug|Any CPU = Debug|Any CPU
		Release|Any CPU = Release|Any CPU
	EndGlobalSection
	GlobalSection(ProjectConfigurationPlatforms) = postSolution
		{99DF5E44-DF39-4AE0-B7D9-E0BFC1E85CB2}.Debug|Any CPU.ActiveCfg = Debug|Any CPU
		{99DF5E44-DF39-4AE0-B7D9-E0BFC1E85CB2}.Debug|Any CPU.Build.0 = Debug|Any CPU
		{99DF5E44-DF39-4AE0-B7D9-E0BFC1E85CB2}.Release|Any CPU.ActiveCfg = Release|Any CPU
		{99DF5E44-DF39-4AE0-B7D9-E0BFC1E85CB2}.Release|Any CPU.Build.0 = Release|Any CPU
		{DB7D1C44-E14F-4AD8-919F-032EBE4D8143}.Debug|Any CPU.ActiveCfg = Debug|Any CPU
		{DB7D1C44-E14F-4AD8-919F-032EBE4D8143}.Debug|Any CPU.Build.0 = Debug|Any CPU
		{DB7D1C44-E14F-4AD8-919F-032EBE4D8143}.Release|Any CPU.ActiveCfg = Release|Any CPU
		{DB7D1C44-E14F-4AD8-919F-032EBE4D8143}.Release|Any CPU.Build.0 = Release|Any CPU
	EndGlobalSection
	GlobalSection(SolutionProperties) = preSolution
		HideSolutionNode = FALSE
	EndGlobalSection
	GlobalSection(ExtensibilityGlobals) = postSolution
		SolutionGuid = {3206D284-09D8-482B-B901-6C7F373EFF03}
	EndGlobalSection
EndGlobal
